
Microsoft Visual Studio Solution File, Format Version 12.00
# Visual Studio Version 17
VisualStudioVersion = 17.0.32112.339
MinimumVisualStudioVersion = 10.0.40219.1
Project("{FAE04EC0-301F-11D3-BF4B-00C04F79EFBC}") = "Demoproyecto", "Demoproyecto\Demoproyecto.csproj", "{8356647C-7842-46CC-AF98-DC675ED1D8B9}"
EndProject
Global
	GlobalSection(SolutionConfigurationPlatforms) = preSolution
		Debug|Any CPU = Debug|Any CPU
		Release|Any CPU = Release|Any CPU
	EndGlobalSection
	GlobalSection(ProjectConfigurationPlatforms) = postSolution
		{8356647C-7842-46CC-AF98-DC675ED1D8B9}.Debug|Any CPU.ActiveCfg = Debug|Any CPU
		{8356647C-7842-46CC-AF98-DC675ED1D8B9}.Debug|Any CPU.Build.0 = Debug|Any CPU
		{8356647C-7842-46CC-AF98-DC675ED1D8B9}.Release|Any CPU.ActiveCfg = Release|Any CPU
		{8356647C-7842-46CC-AF98-DC675ED1D8B9}.Release|Any CPU.Build.0 = Release|Any CPU
	EndGlobalSection
	GlobalSection(SolutionProperties) = preSolution
		HideSolutionNode = FALSE
	EndGlobalSection
	GlobalSection(ExtensibilityGlobals) = postSolution
		SolutionGuid = {518E4492-8409-4DF5-823F-A53762A411F0}
	EndGlobalSection
EndGlobal
